
Microsoft Visual Studio Solution File, Format Version 12.00
# Visual Studio 15
VisualStudioVersion = 15.0.27703.2042
MinimumVisualStudioVersion = 10.0.40219.1
Project("{FAE04EC0-301F-11D3-BF4B-00C04F79EFBC}") = "Gpstel", "Gpstel\Gpstel.csproj", "{A886DEAF-CD60-4B38-8AA0-364A74DDE05D}"
EndProject
Global
	GlobalSection(SolutionConfigurationPlatforms) = preSolution
		Debug|Any CPU = Debug|Any CPU
		Release|Any CPU = Release|Any CPU
	EndGlobalSection
	GlobalSection(ProjectConfigurationPlatforms) = postSolution
		{A886DEAF-CD60-4B38-8AA0-364A74DDE05D}.Debug|Any CPU.ActiveCfg = Debug|Any CPU
		{A886DEAF-CD60-4B38-8AA0-364A74DDE05D}.Debug|Any CPU.Build.0 = Debug|Any CPU
		{A886DEAF-CD60-4B38-8AA0-364A74DDE05D}.Release|Any CPU.ActiveCfg = Release|Any CPU
		{A886DEAF-CD60-4B38-8AA0-364A74DDE05D}.Release|Any CPU.Build.0 = Release|Any CPU
	EndGlobalSection
	GlobalSection(SolutionProperties) = preSolution
		HideSolutionNode = FALSE
	EndGlobalSection
	GlobalSection(ExtensibilityGlobals) = postSolution
		SolutionGuid = {00964BC9-761D-4EFA-AB4B-0B7F04DE4EB8}
	EndGlobalSection
EndGlobal
